Microsoft Visual Studio Solution File, Format Version 12.00
# Visual Studio 15
VisualStudioVersion = 15.0.26228.12
MinimumVisualStudioVersion = 10.0.40219.1
Project("{8BC9CEB8-8B4A-11D0-8D11-00A0C91BC942}") = "hyperstart", "hyperstart\hyperstart.vcxproj", "{DE70E2D1-6A4D-4984-BD82-CE750889F0D3}"
EndProject
Project("{2150E333-8FDC-42A3-9474-1A3956D46DE8}") = "libserial", "libserial", "{C7E35674-1D8C-4389-93F2-D6F35ED736C5}"
EndProject
Project("{8BC9CEB8-8B4A-11D0-8D11-00A0C91BC942}") = "serial", "serial\serial.vcxproj", "{A8517FB2-C74E-43BD-B3C6-B05D3FC11ECD}"
EndProject
Project("{8BC9CEB8-8B4A-11D0-8D11-00A0C91BC942}") = "test_serial", "serial\test_serial.vcxproj", "{92EE7E58-C737-41F9-B795-9B6ACF6AB0B8}"
EndProject
Project("{2150E333-8FDC-42A3-9474-1A3956D46DE8}") = "libfmt", "libfmt", "{8946AFB9-C63D-4AA6-A749-4B28F73CE5A8}"
EndProject
Project("{8BC9CEB8-8B4A-11D0-8D11-00A0C91BC942}") = "fmt", "fmt\fmt.vcxproj", "{29F70FC1-87AF-3767-BC85-0180C72B0D95}"
EndProject
Project("{8BC9CEB8-8B4A-11D0-8D11-00A0C91BC942}") = "test_fmt", "fmt\test_fmt.vcxproj", "{827170F9-B18C-4E7A-BE24-06C687601D0F}"
EndProject
Project("{8BC9CEB8-8B4A-11D0-8D11-00A0C91BC942}") = "addcom", "addcom\addcom.vcxproj", "{4A8190E0-E281-43FF-AA95-9747E194A937}"
EndProject
Project("{8BC9CEB8-8B4A-11D0-8D11-00A0C91BC942}") = "iftool", "iftool\iftool.vcxproj", "{204F5C82-AF70-4A3A-9005-291E2D80B9AF}"
EndProject
Project("{8BC9CEB8-8B4A-11D0-8D11-00A0C91BC942}") = "ipconfig", "ipconfig\ipconfig.vcxproj", "{96DB4129-55EC-422E-B801-DF1C8CAE03D5}"
EndProject
Global
	GlobalSection(SolutionConfigurationPlatforms) = preSolution
		Debug|Any CPU = Debug|Any CPU
		Debug|Win32 = Debug|Win32
		Debug|x64 = Debug|x64
		Release|Any CPU = Release|Any CPU
		Release|Win32 = Release|Win32
		Release|x64 = Release|x64
	EndGlobalSection
	GlobalSection(ProjectConfigurationPlatforms) = postSolution
		{DE70E2D1-6A4D-4984-BD82-CE750889F0D3}.Debug|Any CPU.ActiveCfg = Debug|Win32
		{DE70E2D1-6A4D-4984-BD82-CE750889F0D3}.Debug|Win32.ActiveCfg = Debug|Win32
		{DE70E2D1-6A4D-4984-BD82-CE750889F0D3}.Debug|Win32.Build.0 = Debug|Win32
		{DE70E2D1-6A4D-4984-BD82-CE750889F0D3}.Debug|x64.ActiveCfg = Debug|x64
		{DE70E2D1-6A4D-4984-BD82-CE750889F0D3}.Debug|x64.Build.0 = Debug|x64
		{DE70E2D1-6A4D-4984-BD82-CE750889F0D3}.Release|Any CPU.ActiveCfg = Release|Win32
		{DE70E2D1-6A4D-4984-BD82-CE750889F0D3}.Release|Win32.ActiveCfg = Release|Win32
		{DE70E2D1-6A4D-4984-BD82-CE750889F0D3}.Release|Win32.Build.0 = Release|Win32
		{DE70E2D1-6A4D-4984-BD82-CE750889F0D3}.Release|x64.ActiveCfg = Release|x64
		{DE70E2D1-6A4D-4984-BD82-CE750889F0D3}.Release|x64.Build.0 = Release|x64
		{A8517FB2-C74E-43BD-B3C6-B05D3FC11ECD}.Debug|Any CPU.ActiveCfg = Debug|Win32
		{A8517FB2-C74E-43BD-B3C6-B05D3FC11ECD}.Debug|Win32.ActiveCfg = Debug|Win32
		{A8517FB2-C74E-43BD-B3C6-B05D3FC11ECD}.Debug|Win32.Build.0 = Debug|Win32
		{A8517FB2-C74E-43BD-B3C6-B05D3FC11ECD}.Debug|x64.ActiveCfg = Debug|x64
		{A8517FB2-C74E-43BD-B3C6-B05D3FC11ECD}.Debug|x64.Build.0 = Debug|x64
		{A8517FB2-C74E-43BD-B3C6-B05D3FC11ECD}.Release|Any CPU.ActiveCfg = Release|Win32
		{A8517FB2-C74E-43BD-B3C6-B05D3FC11ECD}.Release|Win32.ActiveCfg = Release|Win32
		{A8517FB2-C74E-43BD-B3C6-B05D3FC11ECD}.Release|Win32.Build.0 = Release|Win32
		{A8517FB2-C74E-43BD-B3C6-B05D3FC11ECD}.Release|x64.ActiveCfg = Release|x64
		{A8517FB2-C74E-43BD-B3C6-B05D3FC11ECD}.Release|x64.Build.0 = Release|x64
		{92EE7E58-C737-41F9-B795-9B6ACF6AB0B8}.Debug|Any CPU.ActiveCfg = Debug|Win32
		{92EE7E58-C737-41F9-B795-9B6ACF6AB0B8}.Debug|Win32.ActiveCfg = Debug|Win32
		{92EE7E58-C737-41F9-B795-9B6ACF6AB0B8}.Debug|Win32.Build.0 = Debug|Win32
		{92EE7E58-C737-41F9-B795-9B6ACF6AB0B8}.Debug|x64.ActiveCfg = Debug|x64
		{92EE7E58-C737-41F9-B795-9B6ACF6AB0B8}.Debug|x64.Build.0 = Debug|x64
		{92EE7E58-C737-41F9-B795-9B6ACF6AB0B8}.Release|Any CPU.ActiveCfg = Release|Win32
		{92EE7E58-C737-41F9-B795-9B6ACF6AB0B8}.Release|Win32.ActiveCfg = Release|Win32
		{92EE7E58-C737-41F9-B795-9B6ACF6AB0B8}.Release|Win32.Build.0 = Release|Win32
		{92EE7E58-C737-41F9-B795-9B6ACF6AB0B8}.Release|x64.ActiveCfg = Release|x64
		{92EE7E58-C737-41F9-B795-9B6ACF6AB0B8}.Release|x64.Build.0 = Release|x64
		{29F70FC1-87AF-3767-BC85-0180C72B0D95}.Debug|Any CPU.ActiveCfg = Debug|Win32
		{29F70FC1-87AF-3767-BC85-0180C72B0D95}.Debug|Win32.ActiveCfg = Debug|Win32
		{29F70FC1-87AF-3767-BC85-0180C72B0D95}.Debug|Win32.Build.0 = Debug|Win32
		{29F70FC1-87AF-3767-BC85-0180C72B0D95}.Debug|x64.ActiveCfg = Debug|x64
		{29F70FC1-87AF-3767-BC85-0180C72B0D95}.Debug|x64.Build.0 = Debug|x64
		{29F70FC1-87AF-3767-BC85-0180C72B0D95}.Release|Any CPU.ActiveCfg = Release|Win32
		{29F70FC1-87AF-3767-BC85-0180C72B0D95}.Release|Win32.ActiveCfg = Release|Win32
		{29F70FC1-87AF-3767-BC85-0180C72B0D95}.Release|Win32.Build.0 = Release|Win32
		{29F70FC1-87AF-3767-BC85-0180C72B0D95}.Release|x64.ActiveCfg = Release|x64
		{29F70FC1-87AF-3767-BC85-0180C72B0D95}.Release|x64.Build.0 = Release|x64
		{827170F9-B18C-4E7A-BE24-06C687601D0F}.Debug|Any CPU.ActiveCfg = Debug|x64
		{827170F9-B18C-4E7A-BE24-06C687601D0F}.Debug|Win32.ActiveCfg = Debug|x64
		{827170F9-B18C-4E7A-BE24-06C687601D0F}.Debug|x64.ActiveCfg = Debug|x64
		{827170F9-B18C-4E7A-BE24-06C687601D0F}.Debug|x64.Build.0 = Debug|x64
		{827170F9-B18C-4E7A-BE24-06C687601D0F}.Release|Any CPU.ActiveCfg = Release|x64
		{827170F9-B18C-4E7A-BE24-06C687601D0F}.Release|Win32.ActiveCfg = Release|x64
		{827170F9-B18C-4E7A-BE24-06C687601D0F}.Release|x64.ActiveCfg = Release|x64
		{827170F9-B18C-4E7A-BE24-06C687601D0F}.Release|x64.Build.0 = Release|x64
		{4A8190E0-E281-43FF-AA95-9747E194A937}.Debug|Any CPU.ActiveCfg = Debug|x64
		{4A8190E0-E281-43FF-AA95-9747E194A937}.Debug|Win32.ActiveCfg = Debug|x64
		{4A8190E0-E281-43FF-AA95-9747E194A937}.Debug|x64.ActiveCfg = Debug|x64
		{4A8190E0-E281-43FF-AA95-9747E194A937}.Debug|x64.Build.0 = Debug|x64
		{4A8190E0-E281-43FF-AA95-9747E194A937}.Release|Any CPU.ActiveCfg = Release|x64
		{4A8190E0-E281-43FF-AA95-9747E194A937}.Release|Win32.ActiveCfg = Release|x64
		{4A8190E0-E281-43FF-AA95-9747E194A937}.Release|x64.ActiveCfg = Release|x64
		{4A8190E0-E281-43FF-AA95-9747E194A937}.Release|x64.Build.0 = Release|x64
		{204F5C82-AF70-4A3A-9005-291E2D80B9AF}.Debug|Any CPU.ActiveCfg = Debug|x64
		{204F5C82-AF70-4A3A-9005-291E2D80B9AF}.Debug|Win32.ActiveCfg = Debug|x64
		{204F5C82-AF70-4A3A-9005-291E2D80B9AF}.Debug|x64.ActiveCfg = Debug|x64
		{204F5C82-AF70-4A3A-9005-291E2D80B9AF}.Debug|x64.Build.0 = Debug|x64
		{204F5C82-AF70-4A3A-9005-291E2D80B9AF}.Release|Any CPU.ActiveCfg = Release|x64
		{204F5C82-AF70-4A3A-9005-291E2D80B9AF}.Release|Win32.ActiveCfg = Release|x64
		{204F5C82-AF70-4A3A-9005-291E2D80B9AF}.Release|x64.ActiveCfg = Release|x64
		{204F5C82-AF70-4A3A-9005-291E2D80B9AF}.Release|x64.Build.0 = Release|x64
		{96DB4129-55EC-422E-B801-DF1C8CAE03D5}.Debug|Any CPU.ActiveCfg = Debug|x64
		{96DB4129-55EC-422E-B801-DF1C8CAE03D5}.Debug|Win32.ActiveCfg = Debug|x64
		{96DB4129-55EC-422E-B801-DF1C8CAE03D5}.Debug|x64.ActiveCfg = Debug|x64
		{96DB4129-55EC-422E-B801-DF1C8CAE03D5}.Debug|x64.Build.0 = Debug|x64
		{96DB4129-55EC-422E-B801-DF1C8CAE03D5}.Release|Any CPU.ActiveCfg = Release|x64
		{96DB4129-55EC-422E-B801-DF1C8CAE03D5}.Release|Win32.ActiveCfg = Release|x64
		{96DB4129-55EC-422E-B801-DF1C8CAE03D5}.Release|x64.ActiveCfg = Release|x64
		{96DB4129-55EC-422E-B801-DF1C8CAE03D5}.Release|x64.Build.0 = Release|x64
	EndGlobalSection
	GlobalSection(SolutionProperties) = preSolution
		HideSolutionNode = FALSE
	EndGlobalSection
	GlobalSection(NestedProjects) = preSolution
		{A8517FB2-C74E-43BD-B3C6-B05D3FC11ECD} = {C7E35674-1D8C-4389-93F2-D6F35ED736C5}
		{92EE7E58-C737-41F9-B795-9B6ACF6AB0B8} = {C7E35674-1D8C-4389-93F2-D6F35ED736C5}
		{29F70FC1-87AF-3767-BC85-0180C72B0D95} = {8946AFB9-C63D-4AA6-A749-4B28F73CE5A8}
		{827170F9-B18C-4E7A-BE24-06C687601D0F} = {8946AFB9-C63D-4AA6-A749-4B28F73CE5A8}
	EndGlobalSection
EndGlobal
